# This file is automatically @generated by Cargo.
# It is not intended for manual editing.
[[package]]
name = "circular-queue"
version = "0.2.0"
source = "registry+https://github.com/rust-lang/crates.io-index"

[[package]]
name = "sherbert"
version = "0.1.0"
dependencies = [
 "circular-queue 0.2.0 (registry+https://github.com/rust-lang/crates.io-index)",
]

[metadata]
"checksum circular-queue 0.2.0 (registry+https://github.com/rust-lang/crates.io-index)" = "3be63960d0419728d75f18d0132e5da310d2db6ef31db808a733a8566afe5545"
